{
  "name": "get-youtube-subscribers",
  "version": "1.0.0",
  "lockfileVersion": 1,
  "requires": true,
  "dependencies": {
    "axios": {
      "version": "0.26.1",
      "resolved": "https://registry.npmjs.org/axios/-/axios-0.26.1.tgz",
      "integrity": "sha512-fPwcX4EvnSHuInCMItEhAGnaSEXRBjtzh9fOtsE6E1G6p7vl7edEeZe11QHf18+6+9gR5PbKV/sGKNaD8YaMeA==",
      "requires": {
        "follow-redirects": "^1.14.8"
      }
    },
    "follow-redirects": {
      "version": "1.14.9",
      "resolved": "https://registry.npmjs.org/follow-redirects/-/follow-redirects-1.14.9.tgz",
      "integrity": "sha512-MQDfihBQYMcyy5dhRDJUHcw7lb2Pv/TuE6xP1vyraLukNDHKbDxDNaOE3NbCAdKQApno+GPRyo1YAp89yCjK4w=="
    },
    "yt-channel-info": {
      "version": "3.0.3",
      "resolved": "https://registry.npmjs.org/yt-channel-info/-/yt-channel-info-3.0.3.tgz",
      "integrity": "sha512-M7JTFLWE+bA1t+s+H3sZ+FFV8VTaslhRFVB49I+ilBsemqAKa19EH+70uWdJrYgJQWSM5/hCSU26yBhsA8/evQ==",
      "requires": {
        "axios": "^0.26.1"
      }
    }
  }
}
